{
  "name": "resolver",
  "version": "1.0.0",
  "lockfileVersion": 2,
  "requires": true,
  "packages": {
    "": {
      "name": "resolver",
      "version": "1.0.0",
      "dependencies": {
        "dnsd": "^0.9.6"
      }
    },
    "node_modules/defaultable": {
      "version": "0.7.2",
      "resolved": "https://registry.npmjs.org/defaultable/-/defaultable-0.7.2.tgz",
      "integrity": "sha1-fBVkyhT57KTEEnpTl5B3fUQIW9c=",
      "engines": [
        "node"
      ]
    },
    "node_modules/dnsd": {
      "version": "0.9.6",
      "resolved": "https://registry.npmjs.org/dnsd/-/dnsd-0.9.6.tgz",
      "integrity": "sha1-7uWCAWArcDnatE753n93Hwz8+HQ=",
      "dependencies": {
        "defaultable": "~0.7.2",
        "optimist": "~0.3.4"
      },
      "engines": {
        "node": ">= 0.8"
      }
    },
    "node_modules/optimist": {
      "version": "0.3.7",
      "resolved": "https://registry.npmjs.org/optimist/-/optimist-0.3.7.tgz",
      "integrity": "sha1-yQlBrVnkJzMokjB00s8ufLxuwNk=",
      "dependencies": {
        "wordwrap": "~0.0.2"
      }
    },
    "node_modules/wordwrap": {
      "version": "0.0.3",
      "resolved": "https://registry.npmjs.org/wordwrap/-/wordwrap-0.0.3.tgz",
      "integrity": "sha1-o9XabNXAvAAI03I0u68b7WMFkQc=",
      "engines": {
        "node": ">=0.4.0"
      }
    }
  },
  "dependencies": {
    "defaultable": {
      "version": "0.7.2",
      "resolved": "https://registry.npmjs.org/defaultable/-/defaultable-0.7.2.tgz",
      "integrity": "sha1-fBVkyhT57KTEEnpTl5B3fUQIW9c="
    },
    "dnsd": {
      "version": "0.9.6",
      "resolved": "https://registry.npmjs.org/dnsd/-/dnsd-0.9.6.tgz",
      "integrity": "sha1-7uWCAWArcDnatE753n93Hwz8+HQ=",
      "requires": {
        "defaultable": "~0.7.2",
        "optimist": "~0.3.4"
      }
    },
    "optimist": {
      "version": "0.3.7",
      "resolved": "https://registry.npmjs.org/optimist/-/optimist-0.3.7.tgz",
      "integrity": "sha1-yQlBrVnkJzMokjB00s8ufLxuwNk=",
      "requires": {
        "wordwrap": "~0.0.2"
      }
    },
    "wordwrap": {
      "version": "0.0.3",
      "resolved": "https://registry.npmjs.org/wordwrap/-/wordwrap-0.0.3.tgz",
      "integrity": "sha1-o9XabNXAvAAI03I0u68b7WMFkQc="
    }
  }
}
